// !$*UTF8*$!
{
	archiveVersion = 1;
	classes = {
	};
	objectVersion = 46;
	objects = {

/* Begin PBXBuildFile section */
		3F28BCDD1ADC49A200FCCEC1 /* main.m in Sources */ = {isa = PBXBuildFile; fileRef = 3F28BCDC1ADC49A200FCCEC1 /* main.m */; };
		3F28BCE01ADC49A200FCCEC1 /* AppDelegate.m in Sources */ = {isa = PBXBuildFile; fileRef = 3F28BCDF1ADC49A200FCCEC1 /* AppDelegate.m */; };
		3F28BCE31ADC49A200FCCEC1 /* ViewController.m in Sources */ = {isa = PBXBuildFile; fileRef = 3F28BCE21ADC49A200FCCEC1 /* ViewController.m */; };
		3F28BCE61ADC49A300FCCEC1 /* Main.storyboard in Resources */ = {isa = PBXBuildFile; fileRef = 3F28BCE41ADC49A300FCCEC1 /* Main.storyboard */; };
		3F28BCE81ADC49A300FCCEC1 /* Images.xcassets in Resources */ = {isa = PBXBuildFile; fileRef = 3F28BCE71ADC49A300FCCEC1 /* Images.xcassets */; };
		3F28BCEB1ADC49A300FCCEC1 /* LaunchScreen.xib in Resources */ = {isa = PBXBuildFile; fileRef = 3F28BCE91ADC49A300FCCEC1 /* LaunchScreen.xib */; };
		3F28BCF71ADC49A300FCCEC1 /* CS_470_HuntTests.m in Sources */ = {isa = PBXBuildFile; fileRef = 3F28BCF61ADC49A300FCCEC1 /* CS_470_HuntTests.m */; };
		3FBFE0971ADC74FC008C4971 /* Hunt.m in Sources */ = {isa = PBXBuildFile; fileRef = 3FBFE0961ADC74FC008C4971 /* Hunt.m */; };
		3FBFE09A1ADC787D008C4971 /* HuntDataSource.m in Sources */ = {isa = PBXBuildFile; fileRef = 3FBFE0991ADC787D008C4971 /* HuntDataSource.m */; };
		3FBFE09D1ADC7904008C4971 /* DownloadAssistant.m in Sources */ = {isa = PBXBuildFile; fileRef = 3FBFE09C1ADC7904008C4971 /* DownloadAssistant.m */; };
		3FBFE0A01ADC79C0008C4971 /* HuntTableViewController.m in Sources */ = {isa = PBXBuildFile; fileRef = 3FBFE09F1ADC79C0008C4971 /* HuntTableViewController.m */; };
		3FBFE0A31ADC7A36008C4971 /* HuntDetailViewController.m in Sources */ = {isa = PBXBuildFile; fileRef = 3FBFE0A21ADC7A36008C4971 /* HuntDetailViewController.m */; };
		3FBFE0A61ADC7A5D008C4971 /* Step.m in Sources */ = {isa = PBXBuildFile; fileRef = 3FBFE0A51ADC7A5D008C4971 /* Step.m */; };
		4DD422821AE4A965008A5A1D /* StepViewController.m in Sources */ = {isa = PBXBuildFile; fileRef = 4DD422811AE4A965008A5A1D /* StepViewController.m */; };
		4DD422851AE4B185008A5A1D /* StepDataSource.m in Sources */ = {isa = PBXBuildFile; fileRef = 4DD422841AE4B185008A5A1D /* StepDataSource.m */; };
/* End PBXBuildFile section */

/* Begin PBXContainerItemProxy section */
		3F28BCF11ADC49A300FCCEC1 /* PBXContainerItemProxy */ = {
			isa = PBXContainerItemProxy;
			containerPortal = 3F28BCCF1ADC49A200FCCEC1 /* Project object */;
			proxyType = 1;
			remoteGlobalIDString = 3F28BCD61ADC49A200FCCEC1;
			remoteInfo = "CS 470 Hunt";
		};
/* End PBXContainerItemProxy section */

/* Begin PBXFileReference section */
		3F28BCD71ADC49A200FCCEC1 /* CS 470 Hunt.app */ = {isa = PBXFileReference; explicitFileType = wrapper.application; includeInIndex = 0; path = "CS 470 Hunt.app"; sourceTree = BUILT_PRODUCTS_DIR; };
		3F28BCDB1ADC49A200FCCEC1 /* Info.plist */ = {isa = PBXFileReference; lastKnownFileType = text.plist.xml; path = Info.plist; sourceTree = "<group>"; };
		3F28BCDC1ADC49A200FCCEC1 /* main.m */ = {isa = PBXFileReference; lastKnownFileType = sourcecode.c.objc; path = main.m; sourceTree = "<group>"; };
		3F28BCDE1ADC49A200FCCEC1 /* AppDelegate.h */ = {isa = PBXFileReference; lastKnownFileType = sourcecode.c.h; path = AppDelegate.h; sourceTree = "<group>"; };
		3F28BCDF1ADC49A200FCCEC1 /* AppDelegate.m */ = {isa = PBXFileReference; lastKnownFileType = sourcecode.c.objc; path = AppDelegate.m; sourceTree = "<group>"; };
		3F28BCE11ADC49A200FCCEC1 /* ViewController.h */ = {isa = PBXFileReference; lastKnownFileType = sourcecode.c.h; path = ViewController.h; sourceTree = "<group>"; };
		3F28BCE21ADC49A200FCCEC1 /* ViewController.m */ = {isa = PBXFileReference; lastKnownFileType = sourcecode.c.objc; path = ViewController.m; sourceTree = "<group>"; };
		3F28BCE51ADC49A300FCCEC1 /* Base */ = {isa = PBXFileReference; lastKnownFileType = file.storyboard; name = Base; path = Base.lproj/Main.storyboard; sourceTree = "<group>"; };
		3F28BCE71ADC49A300FCCEC1 /* Images.xcassets */ = {isa = PBXFileReference; lastKnownFileType = folder.assetcatalog; path = Images.xcassets; sourceTree = "<group>"; };
		3F28BCEA1ADC49A300FCCEC1 /* Base */ = {isa = PBXFileReference; lastKnownFileType = file.xib; name = Base; path = Base.lproj/LaunchScreen.xib; sourceTree = "<group>"; };
		3F28BCF01ADC49A300FCCEC1 /* CS 470 HuntTests.xctest */ = {isa = PBXFileReference; explicitFileType = wrapper.cfbundle; includeInIndex = 0; path = "CS 470 HuntTests.xctest"; sourceTree = BUILT_PRODUCTS_DIR; };
		3F28BCF51ADC49A300FCCEC1 /* Info.plist */ = {isa = PBXFileReference; lastKnownFileType = text.plist.xml; path = Info.plist; sourceTree = "<group>"; };
		3F28BCF61ADC49A300FCCEC1 /* CS_470_HuntTests.m */ = {isa = PBXFileReference; lastKnownFileType = sourcecode.c.objc; path = CS_470_HuntTests.m; sourceTree = "<group>"; };
		3FBFE0951ADC74FC008C4971 /* Hunt.h */ = {isa = PBXFileReference; fileEncoding = 4; lastKnownFileType = sourcecode.c.h; path = Hunt.h; sourceTree = "<group>"; };
		3FBFE0961ADC74FC008C4971 /* Hunt.m */ = {isa = PBXFileReference; fileEncoding = 4; lastKnownFileType = sourcecode.c.objc; path = Hunt.m; sourceTree = "<group>"; };
		3FBFE0981ADC787D008C4971 /* HuntDataSource.h */ = {isa = PBXFileReference; fileEncoding = 4; lastKnownFileType = sourcecode.c.h; path = HuntDataSource.h; sourceTree = "<group>"; };
		3FBFE0991ADC787D008C4971 /* HuntDataSource.m */ = {isa = PBXFileReference; fileEncoding = 4; lastKnownFileType = sourcecode.c.objc; path = HuntDataSource.m; sourceTree = "<group>"; };
		3FBFE09B1ADC7904008C4971 /* DownloadAssistant.h */ = {isa = PBXFileReference; fileEncoding = 4; lastKnownFileType = sourcecode.c.h; path = DownloadAssistant.h; sourceTree = "<group>"; };
		3FBFE09C1ADC7904008C4971 /* DownloadAssistant.m */ = {isa = PBXFileReference; fileEncoding = 4; lastKnownFileType = sourcecode.c.objc; path = DownloadAssistant.m; sourceTree = "<group>"; };
		3FBFE09E1ADC79C0008C4971 /* HuntTableViewController.h */ = {isa = PBXFileReference; fileEncoding = 4; lastKnownFileType = sourcecode.c.h; path = HuntTableViewController.h; sourceTree = "<group>"; };
		3FBFE09F1ADC79C0008C4971 /* HuntTableViewController.m */ = {isa = PBXFileReference; fileEncoding = 4; lastKnownFileType = sourcecode.c.objc; path = HuntTableViewController.m; sourceTree = "<group>"; };
		3FBFE0A11ADC7A36008C4971 /* HuntDetailViewController.h */ = {isa = PBXFileReference; fileEncoding = 4; lastKnownFileType = sourcecode.c.h; path = HuntDetailViewController.h; sourceTree = "<group>"; };
		3FBFE0A21ADC7A36008C4971 /* HuntDetailViewController.m */ = {isa = PBXFileReference; fileEncoding = 4; lastKnownFileType = sourcecode.c.objc; path = HuntDetailViewController.m; sourceTree = "<group>"; };
		3FBFE0A41ADC7A5C008C4971 /* Step.h */ = {isa = PBXFileReference; fileEncoding = 4; lastKnownFileType = sourcecode.c.h; path = Step.h; sourceTree = "<group>"; };
		3FBFE0A51ADC7A5D008C4971 /* Step.m */ = {isa = PBXFileReference; fileEncoding = 4; lastKnownFileType = sourcecode.c.objc; path = Step.m; sourceTree = "<group>"; };
		4DD422801AE4A965008A5A1D /* StepViewController.h */ = {isa = PBXFileReference; fileEncoding = 4; lastKnownFileType = sourcecode.c.h; path = StepViewController.h; sourceTree = "<group>"; };
		4DD422811AE4A965008A5A1D /* StepViewController.m */ = {isa = PBXFileReference; fileEncoding = 4; lastKnownFileType = sourcecode.c.objc; path = StepViewController.m; sourceTree = "<group>"; };
		4DD422831AE4B185008A5A1D /* StepDataSource.h */ = {isa = PBXFileReference; fileEncoding = 4; lastKnownFileType = sourcecode.c.h; path = StepDataSource.h; sourceTree = "<group>"; };
		4DD422841AE4B185008A5A1D /* StepDataSource.m */ = {isa = PBXFileReference; fileEncoding = 4; lastKnownFileType = sourcecode.c.objc; path = StepDataSource.m; sourceTree = "<group>"; };
/* End PBXFileReference section */

/* Begin PBXFrameworksBuildPhase section */
		3F28BCD41ADC49A200FCCEC1 /* Frameworks */ = {
			isa = PBXFrameworksBuildPhase;
			buildActionMask = 2147483647;
			files = (
			);
			runOnlyForDeploymentPostprocessing = 0;
		};
		3F28BCED1ADC49A300FCCEC1 /* Frameworks */ = {
			isa = PBXFrameworksBuildPhase;
			buildActionMask = 2147483647;
			files = (
			);
			runOnlyForDeploymentPostprocessing = 0;
		};
/* End PBXFrameworksBuildPhase section */

/* Begin PBXGroup section */
		3F28BCCE1ADC49A200FCCEC1 = {
			isa = PBXGroup;
			children = (
				3F28BCD91ADC49A200FCCEC1 /* CS 470 Hunt */,
				3F28BCF31ADC49A300FCCEC1 /* CS 470 HuntTests */,
				3F28BCD81ADC49A200FCCEC1 /* Products */,
			);
			sourceTree = "<group>";
		};
		3F28BCD81ADC49A200FCCEC1 /* Products */ = {
			isa = PBXGroup;
			children = (
				3F28BCD71ADC49A200FCCEC1 /* CS 470 Hunt.app */,
				3F28BCF01ADC49A300FCCEC1 /* CS 470 HuntTests.xctest */,
			);
			name = Products;
			sourceTree = "<group>";
		};
		3F28BCD91ADC49A200FCCEC1 /* CS 470 Hunt */ = {
			isa = PBXGroup;
			children = (
				3F28BCDE1ADC49A200FCCEC1 /* AppDelegate.h */,
				3F28BCDF1ADC49A200FCCEC1 /* AppDelegate.m */,
				3F28BCE11ADC49A200FCCEC1 /* ViewController.h */,
				3F28BCE21ADC49A200FCCEC1 /* ViewController.m */,
				3FBFE09B1ADC7904008C4971 /* DownloadAssistant.h */,
				3FBFE09C1ADC7904008C4971 /* DownloadAssistant.m */,
				3FBFE0951ADC74FC008C4971 /* Hunt.h */,
				3FBFE0961ADC74FC008C4971 /* Hunt.m */,
				3FBFE0981ADC787D008C4971 /* HuntDataSource.h */,
				3FBFE0991ADC787D008C4971 /* HuntDataSource.m */,
				3FBFE09E1ADC79C0008C4971 /* HuntTableViewController.h */,
				3FBFE09F1ADC79C0008C4971 /* HuntTableViewController.m */,
				3FBFE0A11ADC7A36008C4971 /* HuntDetailViewController.h */,
				3FBFE0A21ADC7A36008C4971 /* HuntDetailViewController.m */,
				3FBFE0A41ADC7A5C008C4971 /* Step.h */,
				3FBFE0A51ADC7A5D008C4971 /* Step.m */,
				4DD422831AE4B185008A5A1D /* StepDataSource.h */,
				4DD422841AE4B185008A5A1D /* StepDataSource.m */,
				4DD422801AE4A965008A5A1D /* StepViewController.h */,
				4DD422811AE4A965008A5A1D /* StepViewController.m */,
				3F28BCE41ADC49A300FCCEC1 /* Main.storyboard */,
				3F28BCE71ADC49A300FCCEC1 /* Images.xcassets */,
				3F28BCE91ADC49A300FCCEC1 /* LaunchScreen.xib */,
				3F28BCDA1ADC49A200FCCEC1 /* Supporting Files */,
			);
			path = "CS 470 Hunt";
			sourceTree = "<group>";
		};
		3F28BCDA1ADC49A200FCCEC1 /* Supporting Files */ = {
			isa = PBXGroup;
			children = (
				3F28BCDB1ADC49A200FCCEC1 /* Info.plist */,
				3F28BCDC1ADC49A200FCCEC1 /* main.m */,
			);
			name = "Supporting Files";
			sourceTree = "<group>";
		};
		3F28BCF31ADC49A300FCCEC1 /* CS 470 HuntTests */ = {
			isa = PBXGroup;
			children = (
				3F28BCF61ADC49A300FCCEC1 /* CS_470_HuntTests.m */,
				3F28BCF41ADC49A300FCCEC1 /* Supporting Files */,
			);
			path = "CS 470 HuntTests";
			sourceTree = "<group>";
		};
		3F28BCF41ADC49A300FCCEC1 /* Supporting Files */ = {
			isa = PBXGroup;
			children = (
				3F28BCF51ADC49A300FCCEC1 /* Info.plist */,
			);
			name = "Supporting Files";
			sourceTree = "<group>";
		};
/* End PBXGroup section */

/* Begin PBXNativeTarget section */
		3F28BCD61ADC49A200FCCEC1 /* CS 470 Hunt */ = {
			isa = PBXNativeTarget;
			buildConfigurationList = 3F28BCFA1ADC49A300FCCEC1 /* Build configuration list for PBXNativeTarget "CS 470 Hunt" */;
			buildPhases = (
				3F28BCD31ADC49A200FCCEC1 /* Sources */,
				3F28BCD41ADC49A200FCCEC1 /* Frameworks */,
				3F28BCD51ADC49A200FCCEC1 /* Resources */,
			);
			buildRules = (
			);
			dependencies = (
			);
			name = "CS 470 Hunt";
			productName = "CS 470 Hunt";
			productReference = 3F28BCD71ADC49A200FCCEC1 /* CS 470 Hunt.app */;
			productType = "com.apple.product-type.application";
		};
		3F28BCEF1ADC49A300FCCEC1 /* CS 470 HuntTests */ = {
			isa = PBXNativeTarget;
			buildConfigurationList = 3F28BCFD1ADC49A300FCCEC1 /* Build configuration list for PBXNativeTarget "CS 470 HuntTests" */;
			buildPhases = (
				3F28BCEC1ADC49A300FCCEC1 /* Sources */,
				3F28BCED1ADC49A300FCCEC1 /* Frameworks */,
				3F28BCEE1ADC49A300FCCEC1 /* Resources */,
			);
			buildRules = (
			);
			dependencies = (
				3F28BCF21ADC49A300FCCEC1 /* PBXTargetDependency */,
			);
			name = "CS 470 HuntTests";
			productName = "CS 470 HuntTests";
			productReference = 3F28BCF01ADC49A300FCCEC1 /* CS 470 HuntTests.xctest */;
			productType = "com.apple.product-type.bundle.unit-test";
		};
/* End PBXNativeTarget section */

/* Begin PBXProject section */
		3F28BCCF1ADC49A200FCCEC1 /* Project object */ = {
			isa = PBXProject;
			attributes = {
				LastUpgradeCheck = 0610;
				ORGANIZATIONNAME = PaulRileyJulian;
				TargetAttributes = {
					3F28BCD61ADC49A200FCCEC1 = {
						CreatedOnToolsVersion = 6.1.1;
					};
					3F28BCEF1ADC49A300FCCEC1 = {
						CreatedOnToolsVersion = 6.1.1;
						TestTargetID = 3F28BCD61ADC49A200FCCEC1;
					};
				};
			};
			buildConfigurationList = 3F28BCD21ADC49A200FCCEC1 /* Build configuration list for PBXProject "CS 470 Hunt" */;
			compatibilityVersion = "Xcode 3.2";
			developmentRegion = English;
			hasScannedForEncodings = 0;
			knownRegions = (
				en,
				Base,
			);
			mainGroup = 3F28BCCE1ADC49A200FCCEC1;
			productRefGroup = 3F28BCD81ADC49A200FCCEC1 /* Products */;
			projectDirPath = "";
			projectRoot = "";
			targets = (
				3F28BCD61ADC49A200FCCEC1 /* CS 470 Hunt */,
				3F28BCEF1ADC49A300FCCEC1 /* CS 470 HuntTests */,
			);
		};
/* End PBXProject section */

/* Begin PBXResourcesBuildPhase section */
		3F28BCD51ADC49A200FCCEC1 /* Resources */ = {
			isa = PBXResourcesBuildPhase;
			buildActionMask = 2147483647;
			files = (
				3F28BCE61ADC49A300FCCEC1 /* Main.storyboard in Resources */,
				3F28BCEB1ADC49A300FCCEC1 /* LaunchScreen.xib in Resources */,
				3F28BCE81ADC49A300FCCEC1 /* Images.xcassets in Resources */,
			);
			runOnlyForDeploymentPostprocessing = 0;
		};
		3F28BCEE1ADC49A300FCCEC1 /* Resources */ = {
			isa = PBXResourcesBuildPhase;
			buildActionMask = 2147483647;
			files = (
			);
			runOnlyForDeploymentPostprocessing = 0;
		};
/* End PBXResourcesBuildPhase section */

/* Begin PBXSourcesBuildPhase section */
		3F28BCD31ADC49A200FCCEC1 /* Sources */ = {
			isa = PBXSourcesBuildPhase;
			buildActionMask = 2147483647;
			files = (
				3FBFE0971ADC74FC008C4971 /* Hunt.m in Sources */,
				3FBFE0A61ADC7A5D008C4971 /* Step.m in Sources */,
				3F28BCE31ADC49A200FCCEC1 /* ViewController.m in Sources */,
				3FBFE0A01ADC79C0008C4971 /* HuntTableViewController.m in Sources */,
				4DD422851AE4B185008A5A1D /* StepDataSource.m in Sources */,
				3FBFE09D1ADC7904008C4971 /* DownloadAssistant.m in Sources */,
				3FBFE09A1ADC787D008C4971 /* HuntDataSource.m in Sources */,
				4DD422821AE4A965008A5A1D /* StepViewController.m in Sources */,
				3F28BCE01ADC49A200FCCEC1 /* AppDelegate.m in Sources */,
				3FBFE0A31ADC7A36008C4971 /* HuntDetailViewController.m in Sources */,
				3F28BCDD1ADC49A200FCCEC1 /* main.m in Sources */,
			);
			runOnlyForDeploymentPostprocessing = 0;
		};
		3F28BCEC1ADC49A300FCCEC1 /* Sources */ = {
			isa = PBXSourcesBuildPhase;
			buildActionMask = 2147483647;
			files = (
				3F28BCF71ADC49A300FCCEC1 /* CS_470_HuntTests.m in Sources */,
			);
			runOnlyForDeploymentPostprocessing = 0;
		};
/* End PBXSourcesBuildPhase section */

/* Begin PBXTargetDependency section */
		3F28BCF21ADC49A300FCCEC1 /* PBXTargetDependency */ = {
			isa = PBXTargetDependency;
			target = 3F28BCD61ADC49A200FCCEC1 /* CS 470 Hunt */;
			targetProxy = 3F28BCF11ADC49A300FCCEC1 /* PBXContainerItemProxy */;
		};
/* End PBXTargetDependency section */

/* Begin PBXVariantGroup section */
		3F28BCE41ADC49A300FCCEC1 /* Main.storyboard */ = {
			isa = PBXVariantGroup;
			children = (
				3F28BCE51ADC49A300FCCEC1 /* Base */,
			);
			name = Main.storyboard;
			sourceTree = "<group>";
		};
		3F28BCE91ADC49A300FCCEC1 /* LaunchScreen.xib */ = {
			isa = PBXVariantGroup;
			children = (
				3F28BCEA1ADC49A300FCCEC1 /* Base */,
			);
			name = LaunchScreen.xib;
			sourceTree = "<group>";
		};
/* End PBXVariantGroup section */

/* Begin XCBuildConfiguration section */
		3F28BCF81ADC49A300FCCEC1 /* Debug */ = {
			isa = XCBuildConfiguration;
			buildSettings = {
				ALWAYS_SEARCH_USER_PATHS = NO;
				CLANG_CXX_LANGUAGE_STANDARD = "gnu++0x";
				CLANG_CXX_LIBRARY = "libc++";
				CLANG_ENABLE_MODULES = YES;
				CLANG_ENABLE_OBJC_ARC = YES;
				CLANG_WARN_BOOL_CONVERSION = YES;
				CLANG_WARN_CONSTANT_CONVERSION = YES;
				CLANG_WARN_DIRECT_OBJC_ISA_USAGE = YES_ERROR;
				CLANG_WARN_EMPTY_BODY = YES;
				CLANG_WARN_ENUM_CONVERSION = YES;
				CLANG_WARN_INT_CONVERSION = YES;
				CLANG_WARN_OBJC_ROOT_CLASS = YES_ERROR;
				CLANG_WARN_UNREACHABLE_CODE = YES;
				CLANG_WARN__DUPLICATE_METHOD_MATCH = YES;
				"CODE_SIGN_IDENTITY[sdk=iphoneos*]" = "iPhone Developer";
				COPY_PHASE_STRIP = NO;
				ENABLE_STRICT_OBJC_MSGSEND = YES;
				GCC_C_LANGUAGE_STANDARD = gnu99;
				GCC_DYNAMIC_NO_PIC = NO;
				GCC_OPTIMIZATION_LEVEL = 0;
				GCC_PREPROCESSOR_DEFINITIONS = (
					"DEBUG=1",
					"$(inherited)",
				);
				GCC_SYMBOLS_PRIVATE_EXTERN = NO;
				GCC_WARN_64_TO_32_BIT_CONVERSION = YES;
				GCC_WARN_ABOUT_RETURN_TYPE = YES_ERROR;
				GCC_WARN_UNDECLARED_SELECTOR = YES;
				GCC_WARN_UNINITIALIZED_AUTOS = YES_AGGRESSIVE;
				GCC_WARN_UNUSED_FUNCTION = YES;
				GCC_WARN_UNUSED_VARIABLE = YES;
				IPHONEOS_DEPLOYMENT_TARGET = 8.1;
				MTL_ENABLE_DEBUG_INFO = YES;
				ONLY_ACTIVE_ARCH = YES;
				SDKROOT = iphoneos;
				TARGETED_DEVICE_FAMILY = "1,2";
			};
			name = Debug;
		};
		3F28BCF91ADC49A300FCCEC1 /* Release */ = {
			isa = XCBuildConfiguration;
			buildSettings = {
				ALWAYS_SEARCH_USER_PATHS = NO;
				CLANG_CXX_LANGUAGE_STANDARD = "gnu++0x";
				CLANG_CXX_LIBRARY = "libc++";
				CLANG_ENABLE_MODULES = YES;
				CLANG_ENABLE_OBJC_ARC = YES;
				CLANG_WARN_BOOL_CONVERSION = YES;
				CLANG_WARN_CONSTANT_CONVERSION = YES;
				CLANG_WARN_DIRECT_OBJC_ISA_USAGE = YES_ERROR;
				CLANG_WARN_EMPTY_BODY = YES;
				CLANG_WARN_ENUM_CONVERSION = YES;
				CLANG_WARN_INT_CONVERSION = YES;
				CLANG_WARN_OBJC_ROOT_CLASS = YES_ERROR;
				CLANG_WARN_UNREACHABLE_CODE = YES;
				CLANG_WARN__DUPLICATE_METHOD_MATCH = YES;
				"CODE_SIGN_IDENTITY[sdk=iphoneos*]" = "iPhone Developer";
				COPY_PHASE_STRIP = YES;
				ENABLE_NS_ASSERTIONS = NO;
				ENABLE_STRICT_OBJC_MSGSEND = YES;
				GCC_C_LANGUAGE_STANDARD = gnu99;
				GCC_WARN_64_TO_32_BIT_CONVERSION = YES;
				GCC_WARN_ABOUT_RETURN_TYPE = YES_ERROR;
				GCC_WARN_UNDECLARED_SELECTOR = YES;
				GCC_WARN_UNINITIALIZED_AUTOS = YES_AGGRESSIVE;
				GCC_WARN_UNUSED_FUNCTION = YES;
				GCC_WARN_UNUSED_VARIABLE = YES;
				IPHONEOS_DEPLOYMENT_TARGET = 8.1;
				MTL_ENABLE_DEBUG_INFO = NO;
				SDKROOT = iphoneos;
				TARGETED_DEVICE_FAMILY = "1,2";
				VALIDATE_PRODUCT = YES;
			};
			name = Release;
		};
		3F28BCFB1ADC49A300FCCEC1 /* Debug */ = {
			isa = XCBuildConfiguration;
			buildSettings = {
				ASSETCATALOG_COMPILER_APPICON_NAME = AppIcon;
				INFOPLIST_FILE = "CS 470 Hunt/Info.plist";
				LD_RUNPATH_SEARCH_PATHS = "$(inherited) @executable_path/Frameworks";
				PRODUCT_NAME = "$(TARGET_NAME)";
			};
			name = Debug;
		};
		3F28BCFC1ADC49A300FCCEC1 /* Release */ = {
			isa = XCBuildConfiguration;
			buildSettings = {
				ASSETCATALOG_COMPILER_APPICON_NAME = AppIcon;
				INFOPLIST_FILE = "CS 470 Hunt/Info.plist";
				LD_RUNPATH_SEARCH_PATHS = "$(inherited) @executable_path/Frameworks";
				PRODUCT_NAME = "$(TARGET_NAME)";
			};
			name = Release;
		};
		3F28BCFE1ADC49A300FCCEC1 /* Debug */ = {
			isa = XCBuildConfiguration;
			buildSettings = {
				BUNDLE_LOADER = "$(TEST_HOST)";
				FRAMEWORK_SEARCH_PATHS = (
					"$(SDKROOT)/Developer/Library/Frameworks",
					"$(inherited)",
				);
				GCC_PREPROCESSOR_DEFINITIONS = (
					"DEBUG=1",
					"$(inherited)",
				);
				INFOPLIST_FILE = "CS 470 HuntTests/Info.plist";
				LD_RUNPATH_SEARCH_PATHS = "$(inherited) @executable_path/Frameworks @loader_path/Frameworks";
				PRODUCT_NAME = "$(TARGET_NAME)";
				TEST_HOST = "$(BUILT_PRODUCTS_DIR)/CS 470 Hunt.app/CS 470 Hunt";
			};
			name = Debug;
		};
		3F28BCFF1ADC49A300FCCEC1 /* Release */ = {
			isa = XCBuildConfiguration;
			buildSettings = {
				BUNDLE_LOADER = "$(TEST_HOST)";
				FRAMEWORK_SEARCH_PATHS = (
					"$(SDKROOT)/Developer/Library/Frameworks",
					"$(inherited)",
				);
				INFOPLIST_FILE = "CS 470 HuntTests/Info.plist";
				LD_RUNPATH_SEARCH_PATHS = "$(inherited) @executable_path/Frameworks @loader_path/Frameworks";
				PRODUCT_NAME = "$(TARGET_NAME)";
				TEST_HOST = "$(BUILT_PRODUCTS_DIR)/CS 470 Hunt.app/CS 470 Hunt";
			};
			name = Release;
		};
/* End XCBuildConfiguration section */

/* Begin XCConfigurationList section */
		3F28BCD21ADC49A200FCCEC1 /* Build configuration list for PBXProject "CS 470 Hunt" */ = {
			isa = XCConfigurationList;
			buildConfigurations = (
				3F28BCF81ADC49A300FCCEC1 /* Debug */,
				3F28BCF91ADC49A300FCCEC1 /* Release */,
			);
			defaultConfigurationIsVisible = 0;
			defaultConfigurationName = Release;
		};
		3F28BCFA1ADC49A300FCCEC1 /* Build configuration list for PBXNativeTarget "CS 470 Hunt" */ = {
			isa = XCConfigurationList;
			buildConfigurations = (
				3F28BCFB1ADC49A300FCCEC1 /* Debug */,
				3F28BCFC1ADC49A300FCCEC1 /* Release */,
			);
			defaultConfigurationIsVisible = 0;
			defaultConfigurationName = Release;
		};
		3F28BCFD1ADC49A300FCCEC1 /* Build configuration list for PBXNativeTarget "CS 470 HuntTests" */ = {
			isa = XCConfigurationList;
			buildConfigurations = (
				3F28BCFE1ADC49A300FCCEC1 /* Debug */,
				3F28BCFF1ADC49A300FCCEC1 /* Release */,
			);
			defaultConfigurationIsVisible = 0;
			defaultConfigurationName = Release;
		};
/* End XCConfigurationList section */
	};
	rootObject = 3F28BCCF1ADC49A200FCCEC1 /* Project object */;
}
